
Microsoft Visual Studio Solution File, Format Version 12.00
# Visual Studio Version 17
VisualStudioVersion = 17.8.34330.188
MinimumVisualStudioVersion = 10.0.40219.1
Project("{9A19103F-16F7-4668-BE54-9A1E7A4F7556}") = "AlgoJudge.Server", "AlgoJudge.Server\AlgoJudge.Server.csproj", "{6FD39BA6-CF64-4BA4-9F14-7DA7D66DCDC4}"
EndProject
Project("{54A90642-561A-4BB1-A94E-469ADEE60C69}") = "algojudge-client", "algojudge-client\algojudge-client.esproj", "{28ECDE1E-39C1-495D-99FA-41DBA0A59540}"
EndProject
Project("{2150E333-8FDC-42A3-9474-1A3956D46DE8}") = "Solution Items", "Solution Items", "{6E49DBBA-C566-4947-8DD2-72EDF856E143}"
	ProjectSection(SolutionItems) = preProject
		AUTHORS.txt = AUTHORS.txt
		LICENSE = LICENSE
		README.md = README.md
	EndProjectSection
EndProject
Global
	GlobalSection(SolutionConfigurationPlatforms) = preSolution
		Debug|Any CPU = Debug|Any CPU
		Release|Any CPU = Release|Any CPU
	EndGlobalSection
	GlobalSection(ProjectConfigurationPlatforms) = postSolution
		{6FD39BA6-CF64-4BA4-9F14-7DA7D66DCDC4}.Debug|Any CPU.ActiveCfg = Debug|Any CPU
		{6FD39BA6-CF64-4BA4-9F14-7DA7D66DCDC4}.Debug|Any CPU.Build.0 = Debug|Any CPU
		{6FD39BA6-CF64-4BA4-9F14-7DA7D66DCDC4}.Release|Any CPU.ActiveCfg = Release|Any CPU
		{6FD39BA6-CF64-4BA4-9F14-7DA7D66DCDC4}.Release|Any CPU.Build.0 = Release|Any CPU
		{28ECDE1E-39C1-495D-99FA-41DBA0A59540}.Debug|Any CPU.ActiveCfg = Debug|Any CPU
		{28ECDE1E-39C1-495D-99FA-41DBA0A59540}.Debug|Any CPU.Build.0 = Debug|Any CPU
		{28ECDE1E-39C1-495D-99FA-41DBA0A59540}.Debug|Any CPU.Deploy.0 = Debug|Any CPU
		{28ECDE1E-39C1-495D-99FA-41DBA0A59540}.Release|Any CPU.ActiveCfg = Release|Any CPU
		{28ECDE1E-39C1-495D-99FA-41DBA0A59540}.Release|Any CPU.Build.0 = Release|Any CPU
		{28ECDE1E-39C1-495D-99FA-41DBA0A59540}.Release|Any CPU.Deploy.0 = Release|Any CPU
	EndGlobalSection
	GlobalSection(SolutionProperties) = preSolution
		HideSolutionNode = FALSE
	EndGlobalSection
	GlobalSection(ExtensibilityGlobals) = postSolution
		SolutionGuid = {890F84B5-8845-45F4-A8C3-4094A9C41460}
	EndGlobalSection
EndGlobal
